
Microsoft Visual Studio Solution File, Format Version 12.00
# Visual Studio Version 17
VisualStudioVersion = 17.5.002.0
MinimumVisualStudioVersion = 10.0.40219.1
Project("{9A19103F-16F7-4668-BE54-9A1E7A4F7556}") = "", ".csproj", "{408E7872-8F38-48C8-936D-74A5B93131BE}"
EndProject
Global
	GlobalSection(SolutionConfigurationPlatforms) = preSolution
		Debug|Any CPU = Debug|Any CPU
		Release|Any CPU = Release|Any CPU
	EndGlobalSection
	GlobalSection(ProjectConfigurationPlatforms) = postSolution
		{408E7872-8F38-48C8-936D-74A5B93131BE}.Debug|Any CPU.ActiveCfg = Debug|Any CPU
		{408E7872-8F38-48C8-936D-74A5B93131BE}.Debug|Any CPU.Build.0 = Debug|Any CPU
		{408E7872-8F38-48C8-936D-74A5B93131BE}.Release|Any CPU.ActiveCfg = Release|Any CPU
		{408E7872-8F38-48C8-936D-74A5B93131BE}.Release|Any CPU.Build.0 = Release|Any CPU
	EndGlobalSection
	GlobalSection(SolutionProperties) = preSolution
		HideSolutionNode = FALSE
	EndGlobalSection
	GlobalSection(ExtensibilityGlobals) = postSolution
		SolutionGuid = {C531B636-F5BE-432E-8707-D9B61679CDAE}
	EndGlobalSection
EndGlobal
